# THIS IS AN AUTOGENERATED FILE. DO NOT EDIT THIS FILE DIRECTLY.
# yarn lockfile v1


three@^0.153.0:
  version "0.153.0"
  resolved "https://registry.yarnpkg.com/three/-/three-0.153.0.tgz#d8f2aab7b49ae4ac947fd0e24cebec11378758f0"
  integrity sha512-OCP2/uQR6GcDpSLnJt/3a4mdS0kNWcbfUXIwLoEMgLzEUIVIYsSDwskpmOii/AkDM+BBwrl6+CKgrjX9+E2aWg==
